
Microsoft Visual Studio Solution File, Format Version 12.00
# Visual Studio Version 17
VisualStudioVersion = 17.0.32112.339
MinimumVisualStudioVersion = 10.0.40219.1
Project("{FAE04EC0-301F-11D3-BF4B-00C04F79EFBC}") = "WebRequestClass", "WebRequestClass\WebRequestClass.csproj", "{FBF7F274-093E-4868-B363-6669A15C6191}"
EndProject
Global
	GlobalSection(SolutionConfigurationPlatforms) = preSolution
		Debug|Any CPU = Debug|Any CPU
		Release|Any CPU = Release|Any CPU
	EndGlobalSection
	GlobalSection(ProjectConfigurationPlatforms) = postSolution
		{FBF7F274-093E-4868-B363-6669A15C6191}.Debug|Any CPU.ActiveCfg = Debug|Any CPU
		{FBF7F274-093E-4868-B363-6669A15C6191}.Debug|Any CPU.Build.0 = Debug|Any CPU
		{FBF7F274-093E-4868-B363-6669A15C6191}.Release|Any CPU.ActiveCfg = Release|Any CPU
		{FBF7F274-093E-4868-B363-6669A15C6191}.Release|Any CPU.Build.0 = Release|Any CPU
	EndGlobalSection
	GlobalSection(SolutionProperties) = preSolution
		HideSolutionNode = FALSE
	EndGlobalSection
	GlobalSection(ExtensibilityGlobals) = postSolution
		SolutionGuid = {E27DAD4D-63F6-499E-9F81-227A1CBDE8E5}
	EndGlobalSection
EndGlobal
